// !$*UTF8*$!
{
	archiveVersion = 1;
	classes = {
	};
	objectVersion = 77;
	objects = {

/* Begin PBXBuildFile section */
		09B95C6B13C2B0460F54A42B /* ProbeSupport.swift in Sources */ = {isa = PBXBuildFile; fileRef = D088D8086A94FB2F96DCB7B0 /* ProbeSupport.swift */; };
		43D142B44A39A456ED6A6277 /* ProbeSupport.swift in Sources */ = {isa = PBXBuildFile; fileRef = D088D8086A94FB2F96DCB7B0 /* ProbeSupport.swift */; };
		6B054FC660459FF4B6313B1F /* ProbeTarget.swift in Sources */ = {isa = PBXBuildFile; fileRef = FAA80F97D84F8FE61EF094CA /* ProbeTarget.swift */; };
		BBAD20F3DB60AB022C5BBC01 /* ProbeTarget.swift in Sources */ = {isa = PBXBuildFile; fileRef = FAA80F97D84F8FE61EF094CA /* ProbeTarget.swift */; };
		D46E3E7135B433708B8DABB4 /* TransportProbe.swift in Sources */ = {isa = PBXBuildFile; fileRef = C96F3A2DB16B01E38DBA4E7F /* TransportProbe.swift */; };
		E117BAD0B4FCB5817F2CF3D0 /* TransportProbeHost.swift in Sources */ = {isa = PBXBuildFile; fileRef = 5B3211BAB410445EC26520A4 /* TransportProbeHost.swift */; };
/* End PBXBuildFile section */

/* Begin PBXContainerItemProxy section */
		4EFE83584B6FF1676D1671F3 /* PBXContainerItemProxy */ = {
			isa = PBXContainerItemProxy;
			containerPortal = 434A1DD9F7BC404E87AF6C3A /* Project object */;
			proxyType = 1;
			remoteGlobalIDString = 8E10A0283AE291B78EE33618;
			remoteInfo = TransportProbeHost;
		};
/* End PBXContainerItemProxy section */

/* Begin PBXFileReference section */
		546A7BF678FAB0F4331F3E28 /* TransportProbe.xctest */ = {isa = PBXFileReference; includeInIndex = 0; lastKnownFileType = wrapper.cfbundle; path = TransportProbe.xctest; sourceTree = BUILT_PRODUCTS_DIR; };
		5B3211BAB410445EC26520A4 /* TransportProbeHost.swift */ = {isa = PBXFileReference; lastKnownFileType = sourcecode.swift; path = TransportProbeHost.swift; sourceTree = "<group>"; };
		C96F3A2DB16B01E38DBA4E7F /* TransportProbe.swift */ = {isa = PBXFileReference; lastKnownFileType = sourcecode.swift; path = TransportProbe.swift; sourceTree = "<group>"; };
		D088D8086A94FB2F96DCB7B0 /* ProbeSupport.swift */ = {isa = PBXFileReference; lastKnownFileType = sourcecode.swift; path = ProbeSupport.swift; sourceTree = "<group>"; };
		D4CC621CBC456050DDBF6744 /* Info.plist */ = {isa = PBXFileReference; lastKnownFileType = text.plist; path = Info.plist; sourceTree = "<group>"; };
		DE149A69BFECF629A38741B7 /* TransportProbeHost.app */ = {isa = PBXFileReference; includeInIndex = 0; lastKnownFileType = wrapper.application; path = TransportProbeHost.app; sourceTree = BUILT_PRODUCTS_DIR; };
		FAA80F97D84F8FE61EF094CA /* ProbeTarget.swift */ = {isa = PBXFileReference; lastKnownFileType = sourcecode.swift; path = ProbeTarget.swift; sourceTree = "<group>"; };
/* End PBXFileReference section */

/* Begin PBXGroup section */
		076A27811948D4A1CB45E676 = {
			isa = PBXGroup;
			children = (
				F12B37182EBBB6FD3A22358D /* Host */,
				D35E750B078E78CD981A9973 /* TransportProbe */,
				8254C91E50FEBDE4CB80FEB6 /* Products */,
			);
			sourceTree = "<group>";
		};
		0F42BCD9A7DEE26C611335A8 /* TransportProbe */ = {
			isa = PBXGroup;
			children = (
				D088D8086A94FB2F96DCB7B0 /* ProbeSupport.swift */,
				FAA80F97D84F8FE61EF094CA /* ProbeTarget.swift */,
				C96F3A2DB16B01E38DBA4E7F /* TransportProbe.swift */,
			);
			path = TransportProbe;
			sourceTree = "<group>";
		};
		266A4540B872967612DEBC41 /* Tests */ = {
			isa = PBXGroup;
			children = (
				0F42BCD9A7DEE26C611335A8 /* TransportProbe */,
			);
			path = Tests;
			sourceTree = "<group>";
		};
		8254C91E50FEBDE4CB80FEB6 /* Products */ = {
			isa = PBXGroup;
			children = (
				546A7BF678FAB0F4331F3E28 /* TransportProbe.xctest */,
				DE149A69BFECF629A38741B7 /* TransportProbeHost.app */,
			);
			name = Products;
			sourceTree = "<group>";
		};
		D35E750B078E78CD981A9973 /* TransportProbe */ = {
			isa = PBXGroup;
			children = (
				266A4540B872967612DEBC41 /* Tests */,
			);
			name = TransportProbe;
			path = ..;
			sourceTree = "<group>";
		};
		F12B37182EBBB6FD3A22358D /* Host */ = {
			isa = PBXGroup;
			children = (
				D4CC621CBC456050DDBF6744 /* Info.plist */,
				5B3211BAB410445EC26520A4 /* TransportProbeHost.swift */,
			);
			path = Host;
			sourceTree = "<group>";
		};
/* End PBXGroup section */

/* Begin PBXNativeTarget section */
		256AEEFA2003E7E774EBD9A7 /* TransportProbe */ = {
			isa = PBXNativeTarget;
			buildConfigurationList = 895A91773B5F6D66CC67CF2E /* Build configuration list for PBXNativeTarget "TransportProbe" */;
			buildPhases = (
				331E58EA530526E866DFFD15 /* Sources */,
			);
			buildRules = (
			);
			dependencies = (
				4B5D39724388CB480C4BA264 /* PBXTargetDependency */,
			);
			name = TransportProbe;
			packageProductDependencies = (
			);
			productName = TransportProbe;
			productReference = 546A7BF678FAB0F4331F3E28 /* TransportProbe.xctest */;
			productType = "com.apple.product-type.bundle.unit-test";
		};
		8E10A0283AE291B78EE33618 /* TransportProbeHost */ = {
			isa = PBXNativeTarget;
			buildConfigurationList = 189B0BFC660750E4F044BB5A /* Build configuration list for PBXNativeTarget "TransportProbeHost" */;
			buildPhases = (
				7BB8B4C6C84E839106022B92 /* Sources */,
			);
			buildRules = (
			);
			dependencies = (
			);
			name = TransportProbeHost;
			packageProductDependencies = (
			);
			productName = TransportProbeHost;
			productReference = DE149A69BFECF629A38741B7 /* TransportProbeHost.app */;
			productType = "com.apple.product-type.application";
		};
/* End PBXNativeTarget section */

/* Begin PBXProject section */
		434A1DD9F7BC404E87AF6C3A /* Project object */ = {
			isa = PBXProject;
			attributes = {
				BuildIndependentTargetsInParallel = YES;
				LastUpgradeCheck = 1430;
				TargetAttributes = {
					256AEEFA2003E7E774EBD9A7 = {
						ProvisioningStyle = Automatic;
					};
					8E10A0283AE291B78EE33618 = {
						ProvisioningStyle = Automatic;
					};
				};
			};
			buildConfigurationList = 8A42E9BD87648CE062E438DA /* Build configuration list for PBXProject "TransportProbe" */;
			developmentRegion = en;
			hasScannedForEncodings = 0;
			knownRegions = (
				Base,
				en,
			);
			mainGroup = 076A27811948D4A1CB45E676;
			minimizedProjectReferenceProxies = 1;
			preferredProjectObjectVersion = 77;
			productRefGroup = 8254C91E50FEBDE4CB80FEB6 /* Products */;
			projectDirPath = "";
			projectRoot = "";
			targets = (
				256AEEFA2003E7E774EBD9A7 /* TransportProbe */,
				8E10A0283AE291B78EE33618 /* TransportProbeHost */,
			);
		};
/* End PBXProject section */

/* Begin PBXSourcesBuildPhase section */
		331E58EA530526E866DFFD15 /* Sources */ = {
			isa = PBXSourcesBuildPhase;
			buildActionMask = 2147483647;
			files = (
				43D142B44A39A456ED6A6277 /* ProbeSupport.swift in Sources */,
				BBAD20F3DB60AB022C5BBC01 /* ProbeTarget.swift in Sources */,
				D46E3E7135B433708B8DABB4 /* TransportProbe.swift in Sources */,
			);
			runOnlyForDeploymentPostprocessing = 0;
		};
		7BB8B4C6C84E839106022B92 /* Sources */ = {
			isa = PBXSourcesBuildPhase;
			buildActionMask = 2147483647;
			files = (
				09B95C6B13C2B0460F54A42B /* ProbeSupport.swift in Sources */,
				6B054FC660459FF4B6313B1F /* ProbeTarget.swift in Sources */,
				E117BAD0B4FCB5817F2CF3D0 /* TransportProbeHost.swift in Sources */,
			);
			runOnlyForDeploymentPostprocessing = 0;
		};
/* End PBXSourcesBuildPhase section */

/* Begin PBXTargetDependency section */
		4B5D39724388CB480C4BA264 /* PBXTargetDependency */ = {
			isa = PBXTargetDependency;
			target = 8E10A0283AE291B78EE33618 /* TransportProbeHost */;
			targetProxy = 4EFE83584B6FF1676D1671F3 /* PBXContainerItemProxy */;
		};
/* End PBXTargetDependency section */

/* Begin XCBuildConfiguration section */
		214373D8744B3B7DD3AA5B75 /* Release */ = {
			isa = XCBuildConfiguration;
			buildSettings = {
				ASSETCATALOG_COMPILER_APPICON_NAME = "App Icon & Top Shelf Image";
				ASSETCATALOG_COMPILER_LAUNCHIMAGE_NAME = LaunchImage;
				GENERATE_INFOPLIST_FILE = NO;
				INFOPLIST_FILE = Host/Info.plist;
				LD_RUNPATH_SEARCH_PATHS = (
					"$(inherited)",
					"@executable_path/Frameworks",
				);
				PRODUCT_BUNDLE_IDENTIFIER = "$(PROBE_BUNDLE_PREFIX).host";
				SDKROOT = appletvos;
				TARGETED_DEVICE_FAMILY = 3;
			};
			name = Release;
		};
		59C7F24E4A111EA6AE7DC911 /* Debug */ = {
			isa = XCBuildConfiguration;
			buildSettings = {
				BUNDLE_LOADER = "$(TEST_HOST)";
				GENERATE_INFOPLIST_FILE = YES;
				LD_RUNPATH_SEARCH_PATHS = (
					"$(inherited)",
					"@executable_path/Frameworks",
					"@loader_path/Frameworks",
				);
				PRODUCT_BUNDLE_IDENTIFIER = "$(PROBE_BUNDLE_PREFIX).tests";
				SDKROOT = appletvos;
				TARGETED_DEVICE_FAMILY = 3;
				TEST_HOST = "$(BUILT_PRODUCTS_DIR)/TransportProbeHost.app/TransportProbeHost";
			};
			name = Debug;
		};
		5B02BEE7FDE4DA98F6AF6B5E /* Debug */ = {
			isa = XCBuildConfiguration;
			buildSettings = {
				ASSETCATALOG_COMPILER_APPICON_NAME = "App Icon & Top Shelf Image";
				ASSETCATALOG_COMPILER_LAUNCHIMAGE_NAME = LaunchImage;
				GENERATE_INFOPLIST_FILE = NO;
				INFOPLIST_FILE = Host/Info.plist;
				LD_RUNPATH_SEARCH_PATHS = (
					"$(inherited)",
					"@executable_path/Frameworks",
				);
				PRODUCT_BUNDLE_IDENTIFIER = "$(PROBE_BUNDLE_PREFIX).host";
				SDKROOT = appletvos;
				TARGETED_DEVICE_FAMILY = 3;
			};
			name = Debug;
		};
		8C69991844593022489D4F82 /* Release */ = {
			isa = XCBuildConfiguration;
			buildSettings = {
				ALWAYS_SEARCH_USER_PATHS = NO;
				CLANG_ANALYZER_NONNULL = YES;
				CLANG_ANALYZER_NUMBER_OBJECT_CONVERSION = YES_AGGRESSIVE;
				CLANG_CXX_LANGUAGE_STANDARD = "gnu++14";
				CLANG_CXX_LIBRARY = "libc++";
				CLANG_ENABLE_MODULES = YES;
				CLANG_ENABLE_OBJC_ARC = YES;
				CLANG_ENABLE_OBJC_WEAK = YES;
				CLANG_WARN_BLOCK_CAPTURE_AUTORELEASING = YES;
				CLANG_WARN_BOOL_CONVERSION = YES;
				CLANG_WARN_COMMA = YES;
				CLANG_WARN_CONSTANT_CONVERSION = YES;
				CLANG_WARN_DEPRECATED_OBJC_IMPLEMENTATIONS = YES;
				CLANG_WARN_DIRECT_OBJC_ISA_USAGE = YES_ERROR;
				CLANG_WARN_DOCUMENTATION_COMMENTS = YES;
				CLANG_WARN_EMPTY_BODY = YES;
				CLANG_WARN_ENUM_CONVERSION = YES;
				CLANG_WARN_INFINITE_RECURSION = YES;
				CLANG_WARN_INT_CONVERSION = YES;
				CLANG_WARN_NON_LITERAL_NULL_CONVERSION = YES;
				CLANG_WARN_OBJC_IMPLICIT_RETAIN_SELF = YES;
				CLANG_WARN_OBJC_LITERAL_CONVERSION = YES;
				CLANG_WARN_OBJC_ROOT_CLASS = YES_ERROR;
				CLANG_WARN_QUOTED_INCLUDE_IN_FRAMEWORK_HEADER = YES;
				CLANG_WARN_RANGE_LOOP_ANALYSIS = YES;
				CLANG_WARN_STRICT_PROTOTYPES = YES;
				CLANG_WARN_SUSPICIOUS_MOVE = YES;
				CLANG_WARN_UNGUARDED_AVAILABILITY = YES_AGGRESSIVE;
				CLANG_WARN_UNREACHABLE_CODE = YES;
				CLANG_WARN__DUPLICATE_METHOD_MATCH = YES;
				CODE_SIGN_STYLE = Automatic;
				COPY_PHASE_STRIP = NO;
				DEBUG_INFORMATION_FORMAT = "dwarf-with-dsym";
				ENABLE_NS_ASSERTIONS = NO;
				ENABLE_STRICT_OBJC_MSGSEND = YES;
				ENABLE_USER_SCRIPT_SANDBOXING = YES;
				GCC_C_LANGUAGE_STANDARD = gnu11;
				GCC_NO_COMMON_BLOCKS = YES;
				GCC_WARN_64_TO_32_BIT_CONVERSION = YES;
				GCC_WARN_ABOUT_RETURN_TYPE = YES_ERROR;
				GCC_WARN_UNDECLARED_SELECTOR = YES;
				GCC_WARN_UNINITIALIZED_AUTOS = YES_AGGRESSIVE;
				GCC_WARN_UNUSED_FUNCTION = YES;
				GCC_WARN_UNUSED_VARIABLE = YES;
				MTL_ENABLE_DEBUG_INFO = NO;
				MTL_FAST_MATH = YES;
				PROBE_BUNDLE_PREFIX = de.superuser404.transportprobe;
				PRODUCT_NAME = "$(TARGET_NAME)";
				SDKROOT = appletvos;
				SWIFT_COMPILATION_MODE = wholemodule;
				SWIFT_OPTIMIZATION_LEVEL = "-O";
				SWIFT_UPCOMING_FEATURE_CONCISE_MAGIC_FILE = YES;
				SWIFT_VERSION = 6.0;
				TARGETED_DEVICE_FAMILY = 3;
				TVOS_DEPLOYMENT_TARGET = 17.0;
			};
			name = Release;
		};
		9CE400B6BA132087DC8F57C5 /* Debug */ = {
			isa = XCBuildConfiguration;
			buildSettings = {
				ALWAYS_SEARCH_USER_PATHS = NO;
				CLANG_ANALYZER_NONNULL = YES;
				CLANG_ANALYZER_NUMBER_OBJECT_CONVERSION = YES_AGGRESSIVE;
				CLANG_CXX_LANGUAGE_STANDARD = "gnu++14";
				CLANG_CXX_LIBRARY = "libc++";
				CLANG_ENABLE_MODULES = YES;
				CLANG_ENABLE_OBJC_ARC = YES;
				CLANG_ENABLE_OBJC_WEAK = YES;
				CLANG_WARN_BLOCK_CAPTURE_AUTORELEASING = YES;
				CLANG_WARN_BOOL_CONVERSION = YES;
				CLANG_WARN_COMMA = YES;
				CLANG_WARN_CONSTANT_CONVERSION = YES;
				CLANG_WARN_DEPRECATED_OBJC_IMPLEMENTATIONS = YES;
				CLANG_WARN_DIRECT_OBJC_ISA_USAGE = YES_ERROR;
				CLANG_WARN_DOCUMENTATION_COMMENTS = YES;
				CLANG_WARN_EMPTY_BODY = YES;
				CLANG_WARN_ENUM_CONVERSION = YES;
				CLANG_WARN_INFINITE_RECURSION = YES;
				CLANG_WARN_INT_CONVERSION = YES;
				CLANG_WARN_NON_LITERAL_NULL_CONVERSION = YES;
				CLANG_WARN_OBJC_IMPLICIT_RETAIN_SELF = YES;
				CLANG_WARN_OBJC_LITERAL_CONVERSION = YES;
				CLANG_WARN_OBJC_ROOT_CLASS = YES_ERROR;
				CLANG_WARN_QUOTED_INCLUDE_IN_FRAMEWORK_HEADER = YES;
				CLANG_WARN_RANGE_LOOP_ANALYSIS = YES;
				CLANG_WARN_STRICT_PROTOTYPES = YES;
				CLANG_WARN_SUSPICIOUS_MOVE = YES;
				CLANG_WARN_UNGUARDED_AVAILABILITY = YES_AGGRESSIVE;
				CLANG_WARN_UNREACHABLE_CODE = YES;
				CLANG_WARN__DUPLICATE_METHOD_MATCH = YES;
				CODE_SIGN_STYLE = Automatic;
				COPY_PHASE_STRIP = NO;
				DEBUG_INFORMATION_FORMAT = dwarf;
				ENABLE_STRICT_OBJC_MSGSEND = YES;
				ENABLE_TESTABILITY = YES;
				ENABLE_USER_SCRIPT_SANDBOXING = YES;
				GCC_C_LANGUAGE_STANDARD = gnu11;
				GCC_DYNAMIC_NO_PIC = NO;
				GCC_NO_COMMON_BLOCKS = YES;
				GCC_OPTIMIZATION_LEVEL = 0;
				GCC_PREPROCESSOR_DEFINITIONS = (
					"$(inherited)",
					"DEBUG=1",
				);
				GCC_WARN_64_TO_32_BIT_CONVERSION = YES;
				GCC_WARN_ABOUT_RETURN_TYPE = YES_ERROR;
				GCC_WARN_UNDECLARED_SELECTOR = YES;
				GCC_WARN_UNINITIALIZED_AUTOS = YES_AGGRESSIVE;
				GCC_WARN_UNUSED_FUNCTION = YES;
				GCC_WARN_UNUSED_VARIABLE = YES;
				MTL_ENABLE_DEBUG_INFO = INCLUDE_SOURCE;
				MTL_FAST_MATH = YES;
				ONLY_ACTIVE_ARCH = YES;
				PROBE_BUNDLE_PREFIX = de.superuser404.transportprobe;
				PRODUCT_NAME = "$(TARGET_NAME)";
				SDKROOT = appletvos;
				SWIFT_ACTIVE_COMPILATION_CONDITIONS = DEBUG;
				SWIFT_OPTIMIZATION_LEVEL = "-Onone";
				SWIFT_UPCOMING_FEATURE_CONCISE_MAGIC_FILE = YES;
				SWIFT_VERSION = 6.0;
				TARGETED_DEVICE_FAMILY = 3;
				TVOS_DEPLOYMENT_TARGET = 17.0;
			};
			name = Debug;
		};
		EA15F000B2ABDD22C5300B71 /* Release */ = {
			isa = XCBuildConfiguration;
			buildSettings = {
				BUNDLE_LOADER = "$(TEST_HOST)";
				GENERATE_INFOPLIST_FILE = YES;
				LD_RUNPATH_SEARCH_PATHS = (
					"$(inherited)",
					"@executable_path/Frameworks",
					"@loader_path/Frameworks",
				);
				PRODUCT_BUNDLE_IDENTIFIER = "$(PROBE_BUNDLE_PREFIX).tests";
				SDKROOT = appletvos;
				TARGETED_DEVICE_FAMILY = 3;
				TEST_HOST = "$(BUILT_PRODUCTS_DIR)/TransportProbeHost.app/TransportProbeHost";
			};
			name = Release;
		};
/* End XCBuildConfiguration section */

/* Begin XCConfigurationList section */
		189B0BFC660750E4F044BB5A /* Build configuration list for PBXNativeTarget "TransportProbeHost" */ = {
			isa = XCConfigurationList;
			buildConfigurations = (
				5B02BEE7FDE4DA98F6AF6B5E /* Debug */,
				214373D8744B3B7DD3AA5B75 /* Release */,
			);
			defaultConfigurationIsVisible = 0;
			defaultConfigurationName = Debug;
		};
		895A91773B5F6D66CC67CF2E /* Build configuration list for PBXNativeTarget "TransportProbe" */ = {
			isa = XCConfigurationList;
			buildConfigurations = (
				59C7F24E4A111EA6AE7DC911 /* Debug */,
				EA15F000B2ABDD22C5300B71 /* Release */,
			);
			defaultConfigurationIsVisible = 0;
			defaultConfigurationName = Debug;
		};
		8A42E9BD87648CE062E438DA /* Build configuration list for PBXProject "TransportProbe" */ = {
			isa = XCConfigurationList;
			buildConfigurations = (
				9CE400B6BA132087DC8F57C5 /* Debug */,
				8C69991844593022489D4F82 /* Release */,
			);
			defaultConfigurationIsVisible = 0;
			defaultConfigurationName = Debug;
		};
/* End XCConfigurationList section */
	};
	rootObject = 434A1DD9F7BC404E87AF6C3A /* Project object */;
}
